// !$*UTF8*$!
{
	archiveVersion = 1;
	classes = {
	};
	objectVersion = 77;
	objects = {

/* Begin PBXContainerItemProxy section */
		B21FAD932F24626C004E295C /* PBXContainerItemProxy */ = {
			isa = PBXContainerItemProxy;
			containerPortal = B21FAD7D2F24626A004E295C /* Project object */;
			proxyType = 1;
			remoteGlobalIDString = B21FAD842F24626A004E295C;
			remoteInfo = MathGoof;
		};
		B21FAD9D2F24626C004E295C /* PBXContainerItemProxy */ = {
			isa = PBXContainerItemProxy;
			containerPortal = B21FAD7D2F24626A004E295C /* Project object */;
			proxyType = 1;
			remoteGlobalIDString = B21FAD842F24626A004E295C;
			remoteInfo = MathGoof;
		};
/* End PBXContainerItemProxy section */

/* Begin PBXFileReference section */
		B21FAD852F24626A004E295C /* MathGoof.app */ = {isa = PBXFileReference; explicitFileType = wrapper.application; includeInIndex = 0; path = MathGoof.app; sourceTree = BUILT_PRODUCTS_DIR; };
		B21FAD922F24626C004E295C /* MathGoofTests.xctest */ = {isa = PBXFileReference; explicitFileType = wrapper.cfbundle; includeInIndex = 0; path = MathGoofTests.xctest; sourceTree = BUILT_PRODUCTS_DIR; };
		B21FAD9C2F24626C004E295C /* MathGoofUITests.xctest */ = {isa = PBXFileReference; explicitFileType = wrapper.cfbundle; includeInIndex = 0; path = MathGoofUITests.xctest; sourceTree = BUILT_PRODUCTS_DIR; };
/* End PBXFileReference section */

/* Begin PBXFileSystemSynchronizedRootGroup section */
		B21FAD872F24626A004E295C /* MathGoof */ = {
			isa = PBXFileSystemSynchronizedRootGroup;
			path = MathGoof;
			sourceTree = "<group>";
		};
		B21FAD952F24626C004E295C /* MathGoofTests */ = {
			isa = PBXFileSystemSynchronizedRootGroup;
			path = MathGoofTests;
			sourceTree = "<group>";
		};
		B21FAD9F2F24626C004E295C /* MathGoofUITests */ = {
			isa = PBXFileSystemSynchronizedRootGroup;
			path = MathGoofUITests;
			sourceTree = "<group>";
		};
/* End PBXFileSystemSynchronizedRootGroup section */

/* Begin PBXFrameworksBuildPhase section */
		B21FAD822F24626A004E295C /* Frameworks */ = {
			isa = PBXFrameworksBuildPhase;
			buildActionMask = 2147483647;
			files = (
			);
			runOnlyForDeploymentPostprocessing = 0;
		};
		B21FAD8F2F24626C004E295C /* Frameworks */ = {
			isa = PBXFrameworksBuildPhase;
			buildActionMask = 2147483647;
			files = (
			);
			runOnlyForDeploymentPostprocessing = 0;
		};
		B21FAD992F24626C004E295C /* Frameworks */ = {
			isa = PBXFrameworksBuildPhase;
			buildActionMask = 2147483647;
			files = (
			);
			runOnlyForDeploymentPostprocessing = 0;
		};
/* End PBXFrameworksBuildPhase section */

/* Begin PBXGroup section */
		B21FAD7C2F24626A004E295C = {
			isa = PBXGroup;
			children = (
				B21FAD872F24626A004E295C /* MathGoof */,
				B21FAD952F24626C004E295C /* MathGoofTests */,
				B21FAD9F2F24626C004E295C /* MathGoofUITests */,
				B21FAD862F24626A004E295C /* Products */,
			);
			sourceTree = "<group>";
		};
		B21FAD862F24626A004E295C /* Products */ = {
			isa = PBXGroup;
			children = (
				B21FAD852F24626A004E295C /* MathGoof.app */,
				B21FAD922F24626C004E295C /* MathGoofTests.xctest */,
				B21FAD9C2F24626C004E295C /* MathGoofUITests.xctest */,
			);
			name = Products;
			sourceTree = "<group>";
		};
/* End PBXGroup section */

/* Begin PBXNativeTarget section */
		B21FAD842F24626A004E295C /* MathGoof */ = {
			isa = PBXNativeTarget;
			buildConfigurationList = B21FADA62F24626C004E295C /* Build configuration list for PBXNativeTarget "MathGoof" */;
			buildPhases = (
				B21FAD812F24626A004E295C /* Sources */,
				B21FAD822F24626A004E295C /* Frameworks */,
				B21FAD832F24626A004E295C /* Resources */,
			);
			buildRules = (
			);
			dependencies = (
			);
			fileSystemSynchronizedGroups = (
				B21FAD872F24626A004E295C /* MathGoof */,
			);
			name = MathGoof;
			packageProductDependencies = (
			);
			productName = MathGoof;
			productReference = B21FAD852F24626A004E295C /* MathGoof.app */;
			productType = "com.apple.product-type.application";
		};
		B21FAD912F24626C004E295C /* MathGoofTests */ = {
			isa = PBXNativeTarget;
			buildConfigurationList = B21FADA92F24626C004E295C /* Build configuration list for PBXNativeTarget "MathGoofTests" */;
			buildPhases = (
				B21FAD8E2F24626C004E295C /* Sources */,
				B21FAD8F2F24626C004E295C /* Frameworks */,
				B21FAD902F24626C004E295C /* Resources */,
			);
			buildRules = (
			);
			dependencies = (
				B21FAD942F24626C004E295C /* PBXTargetDependency */,
			);
			fileSystemSynchronizedGroups = (
				B21FAD952F24626C004E295C /* MathGoofTests */,
			);
			name = MathGoofTests;
			packageProductDependencies = (
			);
			productName = MathGoofTests;
			productReference = B21FAD922F24626C004E295C /* MathGoofTests.xctest */;
			productType = "com.apple.product-type.bundle.unit-test";
		};
		B21FAD9B2F24626C004E295C /* MathGoofUITests */ = {
			isa = PBXNativeTarget;
			buildConfigurationList = B21FADAC2F24626C004E295C /* Build configuration list for PBXNativeTarget "MathGoofUITests" */;
			buildPhases = (
				B21FAD982F24626C004E295C /* Sources */,
				B21FAD992F24626C004E295C /* Frameworks */,
				B21FAD9A2F24626C004E295C /* Resources */,
			);
			buildRules = (
			);
			dependencies = (
				B21FAD9E2F24626C004E295C /* PBXTargetDependency */,
			);
			fileSystemSynchronizedGroups = (
				B21FAD9F2F24626C004E295C /* MathGoofUITests */,
			);
			name = MathGoofUITests;
			packageProductDependencies = (
			);
			productName = MathGoofUITests;
			productReference = B21FAD9C2F24626C004E295C /* MathGoofUITests.xctest */;
			productType = "com.apple.product-type.bundle.ui-testing";
		};
/* End PBXNativeTarget section */

/* Begin PBXProject section */
		B21FAD7D2F24626A004E295C /* Project object */ = {
			isa = PBXProject;
			attributes = {
				BuildIndependentTargetsInParallel = 1;
				LastSwiftUpdateCheck = 1640;
				LastUpgradeCheck = 2620;
				TargetAttributes = {
					B21FAD842F24626A004E295C = {
						CreatedOnToolsVersion = 16.4;
					};
					B21FAD912F24626C004E295C = {
						CreatedOnToolsVersion = 16.4;
						TestTargetID = B21FAD842F24626A004E295C;
					};
					B21FAD9B2F24626C004E295C = {
						CreatedOnToolsVersion = 16.4;
						TestTargetID = B21FAD842F24626A004E295C;
					};
				};
			};
			buildConfigurationList = B21FAD802F24626A004E295C /* Build configuration list for PBXProject "MathGoof" */;
			developmentRegion = en;
			hasScannedForEncodings = 0;
			knownRegions = (
				en,
				Base,
			);
			mainGroup = B21FAD7C2F24626A004E295C;
			minimizedProjectReferenceProxies = 1;
			preferredProjectObjectVersion = 77;
			productRefGroup = B21FAD862F24626A004E295C /* Products */;
			projectDirPath = "";
			projectRoot = "";
			targets = (
				B21FAD842F24626A004E295C /* MathGoof */,
				B21FAD912F24626C004E295C /* MathGoofTests */,
				B21FAD9B2F24626C004E295C /* MathGoofUITests */,
			);
		};
/* End PBXProject section */

/* Begin PBXResourcesBuildPhase section */
		B21FAD832F24626A004E295C /* Resources */ = {
			isa = PBXResourcesBuildPhase;
			buildActionMask = 2147483647;
			files = (
			);
			runOnlyForDeploymentPostprocessing = 0;
		};
		B21FAD902F24626C004E295C /* Resources */ = {
			isa = PBXResourcesBuildPhase;
			buildActionMask = 2147483647;
			files = (
			);
			runOnlyForDeploymentPostprocessing = 0;
		};
		B21FAD9A2F24626C004E295C /* Resources */ = {
			isa = PBXResourcesBuildPhase;
			buildActionMask = 2147483647;
			files = (
			);
			runOnlyForDeploymentPostprocessing = 0;
		};
/* End PBXResourcesBuildPhase section */

/* Begin PBXSourcesBuildPhase section */
		B21FAD812F24626A004E295C /* Sources */ = {
			isa = PBXSourcesBuildPhase;
			buildActionMask = 2147483647;
			files = (
			);
			runOnlyForDeploymentPostprocessing = 0;
		};
		B21FAD8E2F24626C004E295C /* Sources */ = {
			isa = PBXSourcesBuildPhase;
			buildActionMask = 2147483647;
			files = (
			);
			runOnlyForDeploymentPostprocessing = 0;
		};
		B21FAD982F24626C004E295C /* Sources */ = {
			isa = PBXSourcesBuildPhase;
			buildActionMask = 2147483647;
			files = (
			);
			runOnlyForDeploymentPostprocessing = 0;
		};
/* End PBXSourcesBuildPhase section */

/* Begin PBXTargetDependency section */
		B21FAD942F24626C004E295C /* PBXTargetDependency */ = {
			isa = PBXTargetDependency;
			target = B21FAD842F24626A004E295C /* MathGoof */;
			targetProxy = B21FAD932F24626C004E295C /* PBXContainerItemProxy */;
		};
		B21FAD9E2F24626C004E295C /* PBXTargetDependency */ = {
			isa = PBXTargetDependency;
			target = B21FAD842F24626A004E295C /* MathGoof */;
			targetProxy = B21FAD9D2F24626C004E295C /* PBXContainerItemProxy */;
		};
/* End PBXTargetDependency section */

/* Begin XCBuildConfiguration section */
		B21FADA42F24626C004E295C /* Debug */ = {
			isa = XCBuildConfiguration;
			buildSettings = {
				ALWAYS_SEARCH_USER_PATHS = NO;
				ASSETCATALOG_COMPILER_GENERATE_SWIFT_ASSET_SYMBOL_EXTENSIONS = YES;
				CLANG_ANALYZER_NONNULL = YES;
				CLANG_ANALYZER_NUMBER_OBJECT_CONVERSION = YES_AGGRESSIVE;
				CLANG_CXX_LANGUAGE_STANDARD = "gnu++20";
				CLANG_ENABLE_MODULES = YES;
				CLANG_ENABLE_OBJC_ARC = YES;
				CLANG_ENABLE_OBJC_WEAK = YES;
				CLANG_WARN_BLOCK_CAPTURE_AUTORELEASING = YES;
				CLANG_WARN_BOOL_CONVERSION = YES;
				CLANG_WARN_COMMA = YES;
				CLANG_WARN_CONSTANT_CONVERSION = YES;
				CLANG_WARN_DEPRECATED_OBJC_IMPLEMENTATIONS = YES;
				CLANG_WARN_DIRECT_OBJC_ISA_USAGE = YES_ERROR;
				CLANG_WARN_DOCUMENTATION_COMMENTS = YES;
				CLANG_WARN_EMPTY_BODY = YES;
				CLANG_WARN_ENUM_CONVERSION = YES;
				CLANG_WARN_INFINITE_RECURSION = YES;
				CLANG_WARN_INT_CONVERSION = YES;
				CLANG_WARN_NON_LITERAL_NULL_CONVERSION = YES;
				CLANG_WARN_OBJC_IMPLICIT_RETAIN_SELF = YES;
				CLANG_WARN_OBJC_LITERAL_CONVERSION = YES;
				CLANG_WARN_OBJC_ROOT_CLASS = YES_ERROR;
				CLANG_WARN_QUOTED_INCLUDE_IN_FRAMEWORK_HEADER = YES;
				CLANG_WARN_RANGE_LOOP_ANALYSIS = YES;
				CLANG_WARN_STRICT_PROTOTYPES = YES;
				CLANG_WARN_SUSPICIOUS_MOVE = YES;
				CLANG_WARN_UNGUARDED_AVAILABILITY = YES_AGGRESSIVE;
				CLANG_WARN_UNREACHABLE_CODE = YES;
				CLANG_WARN__DUPLICATE_METHOD_MATCH = YES;
				COPY_PHASE_STRIP = NO;
				DEBUG_INFORMATION_FORMAT = dwarf;
				ENABLE_STRICT_OBJC_MSGSEND = YES;
				ENABLE_TESTABILITY = YES;
				ENABLE_USER_SCRIPT_SANDBOXING = YES;
				GCC_C_LANGUAGE_STANDARD = gnu17;
				GCC_DYNAMIC_NO_PIC = NO;
				GCC_NO_COMMON_BLOCKS = YES;
				GCC_OPTIMIZATION_LEVEL = 0;
				GCC_PREPROCESSOR_DEFINITIONS = (
					"DEBUG=1",
					"$(inherited)",
				);
				GCC_WARN_64_TO_32_BIT_CONVERSION = YES;
				GCC_WARN_ABOUT_RETURN_TYPE = YES_ERROR;
				GCC_WARN_UNDECLARED_SELECTOR = YES;
				GCC_WARN_UNINITIALIZED_AUTOS = YES_AGGRESSIVE;
				GCC_WARN_UNUSED_FUNCTION = YES;
				GCC_WARN_UNUSED_VARIABLE = YES;
				IPHONEOS_DEPLOYMENT_TARGET = 18.5;
				LOCALIZATION_PREFERS_STRING_CATALOGS = YES;
				MTL_ENABLE_DEBUG_INFO = INCLUDE_SOURCE;
				MTL_FAST_MATH = YES;
				ONLY_ACTIVE_ARCH = YES;
				SDKROOT = iphoneos;
				STRING_CATALOG_GENERATE_SYMBOLS = YES;
				SWIFT_ACTIVE_COMPILATION_CONDITIONS = "DEBUG $(inherited)";
				SWIFT_OPTIMIZATION_LEVEL = "-Onone";
			};
			name = Debug;
		};
		B21FADA52F24626C004E295C /* Release */ = {
			isa = XCBuildConfiguration;
			buildSettings = {
				ALWAYS_SEARCH_USER_PATHS = NO;
				ASSETCATALOG_COMPILER_GENERATE_SWIFT_ASSET_SYMBOL_EXTENSIONS = YES;
				CLANG_ANALYZER_NONNULL = YES;
				CLANG_ANALYZER_NUMBER_OBJECT_CONVERSION = YES_AGGRESSIVE;
				CLANG_CXX_LANGUAGE_STANDARD = "gnu++20";
				CLANG_ENABLE_MODULES = YES;
				CLANG_ENABLE_OBJC_ARC = YES;
				CLANG_ENABLE_OBJC_WEAK = YES;
				CLANG_WARN_BLOCK_CAPTURE_AUTORELEASING = YES;
				CLANG_WARN_BOOL_CONVERSION = YES;
				CLANG_WARN_COMMA = YES;
				CLANG_WARN_CONSTANT_CONVERSION = YES;
				CLANG_WARN_DEPRECATED_OBJC_IMPLEMENTATIONS = YES;
				CLANG_WARN_DIRECT_OBJC_ISA_USAGE = YES_ERROR;
				CLANG_WARN_DOCUMENTATION_COMMENTS = YES;
				CLANG_WARN_EMPTY_BODY = YES;
				CLANG_WARN_ENUM_CONVERSION = YES;
				CLANG_WARN_INFINITE_RECURSION = YES;
				CLANG_WARN_INT_CONVERSION = YES;
				CLANG_WARN_NON_LITERAL_NULL_CONVERSION = YES;
				CLANG_WARN_OBJC_IMPLICIT_RETAIN_SELF = YES;
				CLANG_WARN_OBJC_LITERAL_CONVERSION = YES;
				CLANG_WARN_OBJC_ROOT_CLASS = YES_ERROR;
				CLANG_WARN_QUOTED_INCLUDE_IN_FRAMEWORK_HEADER = YES;
				CLANG_WARN_RANGE_LOOP_ANALYSIS = YES;
				CLANG_WARN_STRICT_PROTOTYPES = YES;
				CLANG_WARN_SUSPICIOUS_MOVE = YES;
				CLANG_WARN_UNGUARDED_AVAILABILITY = YES_AGGRESSIVE;
				CLANG_WARN_UNREACHABLE_CODE = YES;
				CLANG_WARN__DUPLICATE_METHOD_MATCH = YES;
				COPY_PHASE_STRIP = NO;
				DEBUG_INFORMATION_FORMAT = "dwarf-with-dsym";
				ENABLE_NS_ASSERTIONS = NO;
				ENABLE_STRICT_OBJC_MSGSEND = YES;
				ENABLE_USER_SCRIPT_SANDBOXING = YES;
				GCC_C_LANGUAGE_STANDARD = gnu17;
				GCC_NO_COMMON_BLOCKS = YES;
				GCC_WARN_64_TO_32_BIT_CONVERSION = YES;
				GCC_WARN_ABOUT_RETURN_TYPE = YES_ERROR;
				GCC_WARN_UNDECLARED_SELECTOR = YES;
				GCC_WARN_UNINITIALIZED_AUTOS = YES_AGGRESSIVE;
				GCC_WARN_UNUSED_FUNCTION = YES;
				GCC_WARN_UNUSED_VARIABLE = YES;
				IPHONEOS_DEPLOYMENT_TARGET = 18.5;
				LOCALIZATION_PREFERS_STRING_CATALOGS = YES;
				MTL_ENABLE_DEBUG_INFO = NO;
				MTL_FAST_MATH = YES;
				SDKROOT = iphoneos;
				STRING_CATALOG_GENERATE_SYMBOLS = YES;
				SWIFT_COMPILATION_MODE = wholemodule;
				VALIDATE_PRODUCT = YES;
			};
			name = Release;
		};
		B21FADA72F24626C004E295C /* Debug */ = {
			isa = XCBuildConfiguration;
			buildSettings = {
				ASSETCATALOG_COMPILER_APPICON_NAME = AppIcon;
				ASSETCATALOG_COMPILER_GLOBAL_ACCENT_COLOR_NAME = AccentColor;
				CODE_SIGN_STYLE = Automatic;
				CURRENT_PROJECT_VERSION = 1;
				ENABLE_PREVIEWS = YES;
				GENERATE_INFOPLIST_FILE = YES;
				INFOPLIST_KEY_UIApplicationSceneManifest_Generation = YES;
				INFOPLIST_KEY_UIApplicationSupportsIndirectInputEvents = YES;
				INFOPLIST_KEY_UILaunchScreen_Generation = YES;
				INFOPLIST_KEY_UISupportedInterfaceOrientations_iPad = "UIInterfaceOrientationPortrait UIInterfaceOrientationPortraitUpsideDown UIInterfaceOrientationLandscapeLeft UIInterfaceOrientationLandscapeRight";
				INFOPLIST_KEY_UISupportedInterfaceOrientations_iPhone = "UIInterfaceOrientationPortrait UIInterfaceOrientationLandscapeLeft UIInterfaceOrientationLandscapeRight";
				LD_RUNPATH_SEARCH_PATHS = (
					"$(inherited)",
					"@executable_path/Frameworks",
				);
				MARKETING_VERSION = 1.0;
				PRODUCT_BUNDLE_IDENTIFIER = Noted.MathGoof;
				PRODUCT_NAME = "$(TARGET_NAME)";
				SWIFT_EMIT_LOC_STRINGS = YES;
				SWIFT_VERSION = 5.0;
				TARGETED_DEVICE_FAMILY = "1,2";
			};
			name = Debug;
		};
		B21FADA82F24626C004E295C /* Release */ = {
			isa = XCBuildConfiguration;
			buildSettings = {
				ASSETCATALOG_COMPILER_APPICON_NAME = AppIcon;
				ASSETCATALOG_COMPILER_GLOBAL_ACCENT_COLOR_NAME = AccentColor;
				CODE_SIGN_STYLE = Automatic;
				CURRENT_PROJECT_VERSION = 1;
				ENABLE_PREVIEWS = YES;
				GENERATE_INFOPLIST_FILE = YES;
				INFOPLIST_KEY_UIApplicationSceneManifest_Generation = YES;
				INFOPLIST_KEY_UIApplicationSupportsIndirectInputEvents = YES;
				INFOPLIST_KEY_UILaunchScreen_Generation = YES;
				INFOPLIST_KEY_UISupportedInterfaceOrientations_iPad = "UIInterfaceOrientationPortrait UIInterfaceOrientationPortraitUpsideDown UIInterfaceOrientationLandscapeLeft UIInterfaceOrientationLandscapeRight";
				INFOPLIST_KEY_UISupportedInterfaceOrientations_iPhone = "UIInterfaceOrientationPortrait UIInterfaceOrientationLandscapeLeft UIInterfaceOrientationLandscapeRight";
				LD_RUNPATH_SEARCH_PATHS = (
					"$(inherited)",
					"@executable_path/Frameworks",
				);
				MARKETING_VERSION = 1.0;
				PRODUCT_BUNDLE_IDENTIFIER = Noted.MathGoof;
				PRODUCT_NAME = "$(TARGET_NAME)";
				SWIFT_EMIT_LOC_STRINGS = YES;
				SWIFT_VERSION = 5.0;
				TARGETED_DEVICE_FAMILY = "1,2";
			};
			name = Release;
		};
		B21FADAA2F24626C004E295C /* Debug */ = {
			isa = XCBuildConfiguration;
			buildSettings = {
				BUNDLE_LOADER = "$(TEST_HOST)";
				CODE_SIGN_STYLE = Automatic;
				CURRENT_PROJECT_VERSION = 1;
				GENERATE_INFOPLIST_FILE = YES;
				IPHONEOS_DEPLOYMENT_TARGET = 18.5;
				MARKETING_VERSION = 1.0;
				PRODUCT_BUNDLE_IDENTIFIER = Noted.MathGoofTests;
				PRODUCT_NAME = "$(TARGET_NAME)";
				SWIFT_EMIT_LOC_STRINGS = NO;
				SWIFT_VERSION = 5.0;
				TARGETED_DEVICE_FAMILY = "1,2";
				TEST_HOST = "$(BUILT_PRODUCTS_DIR)/MathGoof.app/$(BUNDLE_EXECUTABLE_FOLDER_PATH)/MathGoof";
			};
			name = Debug;
		};
		B21FADAB2F24626C004E295C /* Release */ = {
			isa = XCBuildConfiguration;
			buildSettings = {
				BUNDLE_LOADER = "$(TEST_HOST)";
				CODE_SIGN_STYLE = Automatic;
				CURRENT_PROJECT_VERSION = 1;
				GENERATE_INFOPLIST_FILE = YES;
				IPHONEOS_DEPLOYMENT_TARGET = 18.5;
				MARKETING_VERSION = 1.0;
				PRODUCT_BUNDLE_IDENTIFIER = Noted.MathGoofTests;
				PRODUCT_NAME = "$(TARGET_NAME)";
				SWIFT_EMIT_LOC_STRINGS = NO;
				SWIFT_VERSION = 5.0;
				TARGETED_DEVICE_FAMILY = "1,2";
				TEST_HOST = "$(BUILT_PRODUCTS_DIR)/MathGoof.app/$(BUNDLE_EXECUTABLE_FOLDER_PATH)/MathGoof";
			};
			name = Release;
		};
		B21FADAD2F24626C004E295C /* Debug */ = {
			isa = XCBuildConfiguration;
			buildSettings = {
				CODE_SIGN_STYLE = Automatic;
				CURRENT_PROJECT_VERSION = 1;
				GENERATE_INFOPLIST_FILE = YES;
				MARKETING_VERSION = 1.0;
				PRODUCT_BUNDLE_IDENTIFIER = Noted.MathGoofUITests;
				PRODUCT_NAME = "$(TARGET_NAME)";
				SWIFT_EMIT_LOC_STRINGS = NO;
				SWIFT_VERSION = 5.0;
				TARGETED_DEVICE_FAMILY = "1,2";
				TEST_TARGET_NAME = MathGoof;
			};
			name = Debug;
		};
		B21FADAE2F24626C004E295C /* Release */ = {
			isa = XCBuildConfiguration;
			buildSettings = {
				CODE_SIGN_STYLE = Automatic;
				CURRENT_PROJECT_VERSION = 1;
				GENERATE_INFOPLIST_FILE = YES;
				MARKETING_VERSION = 1.0;
				PRODUCT_BUNDLE_IDENTIFIER = Noted.MathGoofUITests;
				PRODUCT_NAME = "$(TARGET_NAME)";
				SWIFT_EMIT_LOC_STRINGS = NO;
				SWIFT_VERSION = 5.0;
				TARGETED_DEVICE_FAMILY = "1,2";
				TEST_TARGET_NAME = MathGoof;
			};
			name = Release;
		};
/* End XCBuildConfiguration section */

/* Begin XCConfigurationList section */
		B21FAD802F24626A004E295C /* Build configuration list for PBXProject "MathGoof" */ = {
			isa = XCConfigurationList;
			buildConfigurations = (
				B21FADA42F24626C004E295C /* Debug */,
				B21FADA52F24626C004E295C /* Release */,
			);
			defaultConfigurationIsVisible = 0;
			defaultConfigurationName = Release;
		};
		B21FADA62F24626C004E295C /* Build configuration list for PBXNativeTarget "MathGoof" */ = {
			isa = XCConfigurationList;
			buildConfigurations = (
				B21FADA72F24626C004E295C /* Debug */,
				B21FADA82F24626C004E295C /* Release */,
			);
			defaultConfigurationIsVisible = 0;
			defaultConfigurationName = Release;
		};
		B21FADA92F24626C004E295C /* Build configuration list for PBXNativeTarget "MathGoofTests" */ = {
			isa = XCConfigurationList;
			buildConfigurations = (
				B21FADAA2F24626C004E295C /* Debug */,
				B21FADAB2F24626C004E295C /* Release */,
			);
			defaultConfigurationIsVisible = 0;
			defaultConfigurationName = Release;
		};
		B21FADAC2F24626C004E295C /* Build configuration list for PBXNativeTarget "MathGoofUITests" */ = {
			isa = XCConfigurationList;
			buildConfigurations = (
				B21FADAD2F24626C004E295C /* Debug */,
				B21FADAE2F24626C004E295C /* Release */,
			);
			defaultConfigurationIsVisible = 0;
			defaultConfigurationName = Release;
		};
/* End XCConfigurationList section */
	};
	rootObject = B21FAD7D2F24626A004E295C /* Project object */;
}
